# This file is automatically @generated by Cargo.
# It is not intended for manual editing.
version = 4

[[package]]
name = "age-auth"
version = "0.1.0"

[[package]]
name = "age_authenticator"
version = "0.1.0"

[[package]]
name = "age_crypto"
version = "0.1.0"

[[package]]
name = "age_otp"
version = "0.1.0"

[[package]]
name = "lib_handler"
version = "0.1.0"
